
Microsoft Visual Studio Solution File, Format Version 12.00
# Visual Studio 15
VisualStudioVersion = 15.0.28307.539
MinimumVisualStudioVersion = 10.0.40219.1
Project("{FAE04EC0-301F-11D3-BF4B-00C04F79EFBC}") = "Farm", "Farm\Farm.csproj", "{FAF6BAC7-E8DA-4CFE-9217-528D6AE5DB9D}"
EndProject
Global
	GlobalSection(SolutionConfigurationPlatforms) = preSolution
		Debug|Any CPU = Debug|Any CPU
		Release|Any CPU = Release|Any CPU
	EndGlobalSection
	GlobalSection(ProjectConfigurationPlatforms) = postSolution
		{FAF6BAC7-E8DA-4CFE-9217-528D6AE5DB9D}.Debug|Any CPU.ActiveCfg = Debug|Any CPU
		{FAF6BAC7-E8DA-4CFE-9217-528D6AE5DB9D}.Debug|Any CPU.Build.0 = Debug|Any CPU
		{FAF6BAC7-E8DA-4CFE-9217-528D6AE5DB9D}.Release|Any CPU.ActiveCfg = Release|Any CPU
		{FAF6BAC7-E8DA-4CFE-9217-528D6AE5DB9D}.Release|Any CPU.Build.0 = Release|Any CPU
	EndGlobalSection
	GlobalSection(SolutionProperties) = preSolution
		HideSolutionNode = FALSE
	EndGlobalSection
	GlobalSection(ExtensibilityGlobals) = postSolution
		SolutionGuid = {12FFD256-654E-4607-8E17-122D3C990C6F}
	EndGlobalSection
EndGlobal
